
Microsoft Visual Studio Solution File, Format Version 12.00
# Visual Studio Version 17
VisualStudioVersion = 17.12.35527.113
MinimumVisualStudioVersion = 10.0.40219.1
Project("{FAE04EC0-301F-11D3-BF4B-00C04F79EFBC}") = "Compendium.Api", "Compendium.Api\Compendium.Api.csproj", "{DA7AFA49-9BFB-4022-9BD9-6ACE28ED69AE}"
EndProject
Project("{FAE04EC0-301F-11D3-BF4B-00C04F79EFBC}") = "Compendium.Web", "Compendium.Web\Compendium.Web.csproj", "{8EB8C37E-1F50-4CF9-A24F-B16F87DDC543}"
EndProject
Project("{FAE04EC0-301F-11D3-BF4B-00C04F79EFBC}") = "Compendium.Lib", "Compendium.Lib\Compendium.Lib.csproj", "{92EE0473-3DEC-4855-A74B-F359696B3882}"
EndProject
Global
	GlobalSection(SolutionConfigurationPlatforms) = preSolution
		Debug|Any CPU = Debug|Any CPU
		Release|Any CPU = Release|Any CPU
	EndGlobalSection
	GlobalSection(ProjectConfigurationPlatforms) = postSolution
		{DA7AFA49-9BFB-4022-9BD9-6ACE28ED69AE}.Debug|Any CPU.ActiveCfg = Debug|Any CPU
		{DA7AFA49-9BFB-4022-9BD9-6ACE28ED69AE}.Debug|Any CPU.Build.0 = Debug|Any CPU
		{DA7AFA49-9BFB-4022-9BD9-6ACE28ED69AE}.Release|Any CPU.ActiveCfg = Release|Any CPU
		{DA7AFA49-9BFB-4022-9BD9-6ACE28ED69AE}.Release|Any CPU.Build.0 = Release|Any CPU
		{8EB8C37E-1F50-4CF9-A24F-B16F87DDC543}.Debug|Any CPU.ActiveCfg = Debug|Any CPU
		{8EB8C37E-1F50-4CF9-A24F-B16F87DDC543}.Debug|Any CPU.Build.0 = Debug|Any CPU
		{8EB8C37E-1F50-4CF9-A24F-B16F87DDC543}.Release|Any CPU.ActiveCfg = Release|Any CPU
		{8EB8C37E-1F50-4CF9-A24F-B16F87DDC543}.Release|Any CPU.Build.0 = Release|Any CPU
		{92EE0473-3DEC-4855-A74B-F359696B3882}.Debug|Any CPU.ActiveCfg = Debug|Any CPU
		{92EE0473-3DEC-4855-A74B-F359696B3882}.Debug|Any CPU.Build.0 = Debug|Any CPU
		{92EE0473-3DEC-4855-A74B-F359696B3882}.Release|Any CPU.ActiveCfg = Release|Any CPU
		{92EE0473-3DEC-4855-A74B-F359696B3882}.Release|Any CPU.Build.0 = Release|Any CPU
	EndGlobalSection
	GlobalSection(SolutionProperties) = preSolution
		HideSolutionNode = FALSE
	EndGlobalSection
EndGlobal
